
Microsoft Visual Studio Solution File, Format Version 12.00
# Visual Studio Version 17
VisualStudioVersion = 17.8.34322.80
MinimumVisualStudioVersion = 10.0.40219.1
Project("{9A19103F-16F7-4668-BE54-9A1E7A4F7556}") = "CMS", "CMS.csproj", "{0F28B85B-00DE-4371-98A6-06EF5D450C09}"
EndProject
Project("{9A19103F-16F7-4668-BE54-9A1E7A4F7556}") = "ControlFlowStatements", "..\ControlFlowStatements\ControlFlowStatements.csproj", "{4249CB03-E4D8-4C17-911F-6400E268A623}"
EndProject
Project("{FAE04EC0-301F-11D3-BF4B-00C04F79EFBC}") = "LoopsAndIterations", "..\LoopsAndIterations\LoopsAndIterations.csproj", "{CC3E345E-A856-4F3E-8B3A-FACA2CCF9A4E}"
EndProject
Project("{FAE04EC0-301F-11D3-BF4B-00C04F79EFBC}") = "ArraysAndDataStructures", "..\ArraysAndDataStructures\ArraysAndDataStructures.csproj", "{7553DB81-75F0-4548-A537-71FAB4C332F9}"
EndProject
Project("{FAE04EC0-301F-11D3-BF4B-00C04F79EFBC}") = "StringsAnd2DArrays", "..\AllBasics\StringsAnd2DArrays.csproj", "{B39E183F-1487-4B0E-B394-D4844A2F88D2}"
EndProject
Global
	GlobalSection(SolutionConfigurationPlatforms) = preSolution
		Debug|Any CPU = Debug|Any CPU
		Release|Any CPU = Release|Any CPU
	EndGlobalSection
	GlobalSection(ProjectConfigurationPlatforms) = postSolution
		{0F28B85B-00DE-4371-98A6-06EF5D450C09}.Debug|Any CPU.ActiveCfg = Debug|Any CPU
		{0F28B85B-00DE-4371-98A6-06EF5D450C09}.Debug|Any CPU.Build.0 = Debug|Any CPU
		{0F28B85B-00DE-4371-98A6-06EF5D450C09}.Release|Any CPU.ActiveCfg = Release|Any CPU
		{0F28B85B-00DE-4371-98A6-06EF5D450C09}.Release|Any CPU.Build.0 = Release|Any CPU
		{4249CB03-E4D8-4C17-911F-6400E268A623}.Debug|Any CPU.ActiveCfg = Debug|Any CPU
		{4249CB03-E4D8-4C17-911F-6400E268A623}.Debug|Any CPU.Build.0 = Debug|Any CPU
		{4249CB03-E4D8-4C17-911F-6400E268A623}.Release|Any CPU.ActiveCfg = Release|Any CPU
		{4249CB03-E4D8-4C17-911F-6400E268A623}.Release|Any CPU.Build.0 = Release|Any CPU
		{CC3E345E-A856-4F3E-8B3A-FACA2CCF9A4E}.Debug|Any CPU.ActiveCfg = Debug|Any CPU
		{CC3E345E-A856-4F3E-8B3A-FACA2CCF9A4E}.Debug|Any CPU.Build.0 = Debug|Any CPU
		{CC3E345E-A856-4F3E-8B3A-FACA2CCF9A4E}.Release|Any CPU.ActiveCfg = Release|Any CPU
		{CC3E345E-A856-4F3E-8B3A-FACA2CCF9A4E}.Release|Any CPU.Build.0 = Release|Any CPU
		{7553DB81-75F0-4548-A537-71FAB4C332F9}.Debug|Any CPU.ActiveCfg = Debug|Any CPU
		{7553DB81-75F0-4548-A537-71FAB4C332F9}.Debug|Any CPU.Build.0 = Debug|Any CPU
		{7553DB81-75F0-4548-A537-71FAB4C332F9}.Release|Any CPU.ActiveCfg = Release|Any CPU
		{7553DB81-75F0-4548-A537-71FAB4C332F9}.Release|Any CPU.Build.0 = Release|Any CPU
		{B39E183F-1487-4B0E-B394-D4844A2F88D2}.Debug|Any CPU.ActiveCfg = Debug|Any CPU
		{B39E183F-1487-4B0E-B394-D4844A2F88D2}.Debug|Any CPU.Build.0 = Debug|Any CPU
		{B39E183F-1487-4B0E-B394-D4844A2F88D2}.Release|Any CPU.ActiveCfg = Release|Any CPU
		{B39E183F-1487-4B0E-B394-D4844A2F88D2}.Release|Any CPU.Build.0 = Release|Any CPU
	EndGlobalSection
	GlobalSection(SolutionProperties) = preSolution
		HideSolutionNode = FALSE
	EndGlobalSection
	GlobalSection(ExtensibilityGlobals) = postSolution
		SolutionGuid = {C04D1CF9-DE3E-47E3-BFBD-A31823A6E252}
	EndGlobalSection
EndGlobal
